
Microsoft Visual Studio Solution File, Format Version 12.00
# Visual Studio 15
VisualStudioVersion = 15.0.26430.14
MinimumVisualStudioVersion = 10.0.40219.1
Project("{FAE04EC0-301F-11D3-BF4B-00C04F79EFBC}") = "Zaif.NET.Tests", "Zaif.NET.Tests\Zaif.NET.Tests.csproj", "{2FC08221-3745-4035-AD4C-FF0ED6C50A71}"
EndProject
Project("{FAE04EC0-301F-11D3-BF4B-00C04F79EFBC}") = "Zaif.NET", "Zaif.NET\Zaif.NET.csproj", "{47F17618-790A-497F-98B4-FB4E34624835}"
EndProject
Project("{FAE04EC0-301F-11D3-BF4B-00C04F79EFBC}") = "Zaif.NET.Utils", "Zaif.NET.Utils\Zaif.NET.Utils.csproj", "{BB3D4236-E50E-4B5A-812B-02723E3DB84D}"
EndProject
Global
	GlobalSection(SolutionConfigurationPlatforms) = preSolution
		Debug|Any CPU = Debug|Any CPU
		Release|Any CPU = Release|Any CPU
	EndGlobalSection
	GlobalSection(ProjectConfigurationPlatforms) = postSolution
		{2FC08221-3745-4035-AD4C-FF0ED6C50A71}.Debug|Any CPU.ActiveCfg = Debug|Any CPU
		{2FC08221-3745-4035-AD4C-FF0ED6C50A71}.Debug|Any CPU.Build.0 = Debug|Any CPU
		{2FC08221-3745-4035-AD4C-FF0ED6C50A71}.Release|Any CPU.ActiveCfg = Release|Any CPU
		{2FC08221-3745-4035-AD4C-FF0ED6C50A71}.Release|Any CPU.Build.0 = Release|Any CPU
		{47F17618-790A-497F-98B4-FB4E34624835}.Debug|Any CPU.ActiveCfg = Debug|Any CPU
		{47F17618-790A-497F-98B4-FB4E34624835}.Debug|Any CPU.Build.0 = Debug|Any CPU
		{47F17618-790A-497F-98B4-FB4E34624835}.Release|Any CPU.ActiveCfg = Release|Any CPU
		{47F17618-790A-497F-98B4-FB4E34624835}.Release|Any CPU.Build.0 = Release|Any CPU
		{BB3D4236-E50E-4B5A-812B-02723E3DB84D}.Debug|Any CPU.ActiveCfg = Debug|Any CPU
		{BB3D4236-E50E-4B5A-812B-02723E3DB84D}.Debug|Any CPU.Build.0 = Debug|Any CPU
		{BB3D4236-E50E-4B5A-812B-02723E3DB84D}.Release|Any CPU.ActiveCfg = Release|Any CPU
		{BB3D4236-E50E-4B5A-812B-02723E3DB84D}.Release|Any CPU.Build.0 = Release|Any CPU
	EndGlobalSection
	GlobalSection(SolutionProperties) = preSolution
		HideSolutionNode = FALSE
	EndGlobalSection
EndGlobal
